<?xml version="1.0" encoding="utf-8"?>
<Project ToolsVersion="4.0" xmlns="http://schemas.microsoft.com/developer/msbuild/2003">
  <ItemGroup>
    <Filter Include="Main">
      <UniqueIdentifier>{4FC737F1-C7A5-4376-A066-2A32D752A2FF}</UniqueIdentifier>
      <Extensions>cpp;c;cc;cxx;c++;cppm;ixx;def;odl;idl;hpj;bat;asm;asmx</Extensions>
    </Filter>
    <Filter Include="Game">
      <UniqueIdentifier>{67DA6AB6-F800-4c08-8B7A-83BB121AAD01}</UniqueIdentifier>
    </Filter>
    <Filter Include="Game\Object">
      <UniqueIdentifier>{93995380-89BD-4b04-88EB-625FBE52EBFB}</UniqueIdentifier>
    </Filter>
    <Filter Include="Game\System">
      <UniqueIdentifier>{1702f32c-3a32-4e44-84fb-4f3317c2f746}</UniqueIdentifier>
    </Filter>
  </ItemGroup>
  <ItemGroup>
    <ClCompile Include="client.cpp">
      <Filter>Main</Filter>
    </ClCompile>
    <ClCompile Include="GameManager.cpp">
      <Filter>Game\System</Filter>
    </ClCompile>
    <ClCompile Include="InventoryUI.cpp">
      <Filter>Game\System</Filter>
    </ClCompile>
    <ClCompile Include="Object.cpp">
      <Filter>Game\Object</Filter>
    </ClCompile>
  </ItemGroup>
  <ItemGroup>
    <ClInclude Include="protocol.h">
      <Filter>Main</Filter>
    </ClInclude>
    <ClInclude Include="Constants.h">
      <Filter>Main</Filter>
    </ClInclude>
    <ClInclude Include="GameManager.h">
      <Filter>Game\System</Filter>
    </ClInclude>
    <ClInclude Include="InventoryUI.h">
      <Filter>Game\System</Filter>
    </ClInclude>
    <ClInclude Include="Object.h">
      <Filter>Game\Object</Filter>
    </ClInclude>
  </ItemGroup>
  <ItemGroup>
    <None Include="packages.config" />
  </ItemGroup>
</Project>